
Microsoft Visual Studio Solution File, Format Version 12.00
# Visual Studio Version 16
VisualStudioVersion = 16.0.29613.14
MinimumVisualStudioVersion = 10.0.40219.1
Project("{FAE04EC0-301F-11D3-BF4B-00C04F79EFBC}") = "Doctro-Web-Services", "Doctro-Web-Services\Doctro-Web-Services.csproj", "{5EAC37BC-E2D6-44EF-9A92-DFDEC8BEA630}"
EndProject
Global
	GlobalSection(SolutionConfigurationPlatforms) = preSolution
		Debug|Any CPU = Debug|Any CPU
		Release|Any CPU = Release|Any CPU
	EndGlobalSection
	GlobalSection(ProjectConfigurationPlatforms) = postSolution
		{5EAC37BC-E2D6-44EF-9A92-DFDEC8BEA630}.Debug|Any CPU.ActiveCfg = Debug|Any CPU
		{5EAC37BC-E2D6-44EF-9A92-DFDEC8BEA630}.Debug|Any CPU.Build.0 = Debug|Any CPU
		{5EAC37BC-E2D6-44EF-9A92-DFDEC8BEA630}.Release|Any CPU.ActiveCfg = Release|Any CPU
		{5EAC37BC-E2D6-44EF-9A92-DFDEC8BEA630}.Release|Any CPU.Build.0 = Release|Any CPU
	EndGlobalSection
	GlobalSection(SolutionProperties) = preSolution
		HideSolutionNode = FALSE
	EndGlobalSection
	GlobalSection(ExtensibilityGlobals) = postSolution
		SolutionGuid = {FD8FE472-8A81-4DAC-9CAD-F7339350EA1B}
	EndGlobalSection
EndGlobal
